
Microsoft Visual Studio Solution File, Format Version 12.00
# Visual Studio 14
VisualStudioVersion = 14.0.25420.1
MinimumVisualStudioVersion = 10.0.40219.1
Project("{FAE04EC0-301F-11D3-BF4B-00C04F79EFBC}") = "TrangTestLib", "TrangTestLib\TrangTestLib.csproj", "{D2F7A57C-F7B8-4EF8-BE25-68F5BB89CB26}"
EndProject
Project("{FAE04EC0-301F-11D3-BF4B-00C04F79EFBC}") = "TrangTestStub", "TrangTestStub\TrangTestStub.csproj", "{A65EABBD-3B5C-4FD9-B9E8-34E9B35893B7}"
EndProject
Global
	GlobalSection(SolutionConfigurationPlatforms) = preSolution
		Debug|Any CPU = Debug|Any CPU
		Release|Any CPU = Release|Any CPU
	EndGlobalSection
	GlobalSection(ProjectConfigurationPlatforms) = postSolution
		{D2F7A57C-F7B8-4EF8-BE25-68F5BB89CB26}.Debug|Any CPU.ActiveCfg = Debug|Any CPU
		{D2F7A57C-F7B8-4EF8-BE25-68F5BB89CB26}.Debug|Any CPU.Build.0 = Debug|Any CPU
		{D2F7A57C-F7B8-4EF8-BE25-68F5BB89CB26}.Release|Any CPU.ActiveCfg = Release|Any CPU
		{D2F7A57C-F7B8-4EF8-BE25-68F5BB89CB26}.Release|Any CPU.Build.0 = Release|Any CPU
		{A65EABBD-3B5C-4FD9-B9E8-34E9B35893B7}.Debug|Any CPU.ActiveCfg = Debug|Any CPU
		{A65EABBD-3B5C-4FD9-B9E8-34E9B35893B7}.Debug|Any CPU.Build.0 = Debug|Any CPU
		{A65EABBD-3B5C-4FD9-B9E8-34E9B35893B7}.Release|Any CPU.ActiveCfg = Release|Any CPU
		{A65EABBD-3B5C-4FD9-B9E8-34E9B35893B7}.Release|Any CPU.Build.0 = Release|Any CPU
	EndGlobalSection
	GlobalSection(SolutionProperties) = preSolution
		HideSolutionNode = FALSE
	EndGlobalSection
EndGlobal
